// !$*UTF8*$!
{
	archiveVersion = 1;
	classes = {
	};
	objectVersion = 56;
	objects = {

/* Begin PBXBuildFile section */
		15DB02AB29C5BF4C00102B15 /* AppDelegate.swift in Sources */ = {isa = PBXBuildFile; fileRef = 15DB02AA29C5BF4C00102B15 /* AppDelegate.swift */; };
		15DB02AD29C5BF4C00102B15 /* SceneDelegate.swift in Sources */ = {isa = PBXBuildFile; fileRef = 15DB02AC29C5BF4C00102B15 /* SceneDelegate.swift */; };
		15DB02AF29C5BF4C00102B15 /* ViewController.swift in Sources */ = {isa = PBXBuildFile; fileRef = 15DB02AE29C5BF4C00102B15 /* ViewController.swift */; };
		15DB02B229C5BF4C00102B15 /* Main.storyboard in Resources */ = {isa = PBXBuildFile; fileRef = 15DB02B029C5BF4C00102B15 /* Main.storyboard */; };
		15DB02B529C5BF4C00102B15 /* crudCoreData.xcdatamodeld in Sources */ = {isa = PBXBuildFile; fileRef = 15DB02B329C5BF4C00102B15 /* crudCoreData.xcdatamodeld */; };
		15DB02B729C5BF4D00102B15 /* Assets.xcassets in Resources */ = {isa = PBXBuildFile; fileRef = 15DB02B629C5BF4D00102B15 /* Assets.xcassets */; };
		15DB02BA29C5BF4D00102B15 /* LaunchScreen.storyboard in Resources */ = {isa = PBXBuildFile; fileRef = 15DB02B829C5BF4D00102B15 /* LaunchScreen.storyboard */; };
		15DB02C229C5C87A00102B15 /* ColorTreansformer.swift in Sources */ = {isa = PBXBuildFile; fileRef = 15DB02C129C5C87A00102B15 /* ColorTreansformer.swift */; };
		15DB02C429C5CA1800102B15 /* User.swift in Sources */ = {isa = PBXBuildFile; fileRef = 15DB02C329C5CA1800102B15 /* User.swift */; };
		15DB02CA29C62F8700102B15 /* DataHelper.swift in Sources */ = {isa = PBXBuildFile; fileRef = 15DB02C929C62F8700102B15 /* DataHelper.swift */; };
/* End PBXBuildFile section */

/* Begin PBXFileReference section */
		15DB02A729C5BF4C00102B15 /* crudCoreData.app */ = {isa = PBXFileReference; explicitFileType = wrapper.application; includeInIndex = 0; path = crudCoreData.app; sourceTree = BUILT_PRODUCTS_DIR; };
		15DB02AA29C5BF4C00102B15 /* AppDelegate.swift */ = {isa = PBXFileReference; lastKnownFileType = sourcecode.swift; path = AppDelegate.swift; sourceTree = "<group>"; };
		15DB02AC29C5BF4C00102B15 /* SceneDelegate.swift */ = {isa = PBXFileReference; lastKnownFileType = sourcecode.swift; path = SceneDelegate.swift; sourceTree = "<group>"; };
		15DB02AE29C5BF4C00102B15 /* ViewController.swift */ = {isa = PBXFileReference; lastKnownFileType = sourcecode.swift; path = ViewController.swift; sourceTree = "<group>"; };
		15DB02B129C5BF4C00102B15 /* Base */ = {isa = PBXFileReference; lastKnownFileType = file.storyboard; name = Base; path = Base.lproj/Main.storyboard; sourceTree = "<group>"; };
		15DB02B429C5BF4C00102B15 /* crudCoreData.xcdatamodel */ = {isa = PBXFileReference; lastKnownFileType = wrapper.xcdatamodel; path = crudCoreData.xcdatamodel; sourceTree = "<group>"; };
		15DB02B629C5BF4D00102B15 /* Assets.xcassets */ = {isa = PBXFileReference; lastKnownFileType = folder.assetcatalog; path = Assets.xcassets; sourceTree = "<group>"; };
		15DB02B929C5BF4D00102B15 /* Base */ = {isa = PBXFileReference; lastKnownFileType = file.storyboard; name = Base; path = Base.lproj/LaunchScreen.storyboard; sourceTree = "<group>"; };
		15DB02BB29C5BF4D00102B15 /* Info.plist */ = {isa = PBXFileReference; lastKnownFileType = text.plist.xml; path = Info.plist; sourceTree = "<group>"; };
		15DB02C129C5C87A00102B15 /* ColorTreansformer.swift */ = {isa = PBXFileReference; lastKnownFileType = sourcecode.swift; path = ColorTreansformer.swift; sourceTree = "<group>"; };
		15DB02C329C5CA1800102B15 /* User.swift */ = {isa = PBXFileReference; lastKnownFileType = sourcecode.swift; path = User.swift; sourceTree = "<group>"; };
		15DB02C929C62F8700102B15 /* DataHelper.swift */ = {isa = PBXFileReference; lastKnownFileType = sourcecode.swift; path = DataHelper.swift; sourceTree = "<group>"; };
/* End PBXFileReference section */

/* Begin PBXFrameworksBuildPhase section */
		15DB02A429C5BF4C00102B15 /* Frameworks */ = {
			isa = PBXFrameworksBuildPhase;
			buildActionMask = 2147483647;
			files = (
			);
			runOnlyForDeploymentPostprocessing = 0;
		};
/* End PBXFrameworksBuildPhase section */

/* Begin PBXGroup section */
		15DB029E29C5BF4C00102B15 = {
			isa = PBXGroup;
			children = (
				15DB02A929C5BF4C00102B15 /* crudCoreData */,
				15DB02A829C5BF4C00102B15 /* Products */,
			);
			sourceTree = "<group>";
		};
		15DB02A829C5BF4C00102B15 /* Products */ = {
			isa = PBXGroup;
			children = (
				15DB02A729C5BF4C00102B15 /* crudCoreData.app */,
			);
			name = Products;
			sourceTree = "<group>";
		};
		15DB02A929C5BF4C00102B15 /* crudCoreData */ = {
			isa = PBXGroup;
			children = (
				15DB02AA29C5BF4C00102B15 /* AppDelegate.swift */,
				15DB02AC29C5BF4C00102B15 /* SceneDelegate.swift */,
				15DB02AE29C5BF4C00102B15 /* ViewController.swift */,
				15DB02C129C5C87A00102B15 /* ColorTreansformer.swift */,
				15DB02B029C5BF4C00102B15 /* Main.storyboard */,
				15DB02B629C5BF4D00102B15 /* Assets.xcassets */,
				15DB02B829C5BF4D00102B15 /* LaunchScreen.storyboard */,
				15DB02C929C62F8700102B15 /* DataHelper.swift */,
				15DB02C329C5CA1800102B15 /* User.swift */,
				15DB02BB29C5BF4D00102B15 /* Info.plist */,
				15DB02B329C5BF4C00102B15 /* crudCoreData.xcdatamodeld */,
			);
			path = crudCoreData;
			sourceTree = "<group>";
		};
/* End PBXGroup section */

/* Begin PBXNativeTarget section */
		15DB02A629C5BF4C00102B15 /* crudCoreData */ = {
			isa = PBXNativeTarget;
			buildConfigurationList = 15DB02BE29C5BF4D00102B15 /* Build configuration list for PBXNativeTarget "crudCoreData" */;
			buildPhases = (
				15DB02A329C5BF4C00102B15 /* Sources */,
				15DB02A429C5BF4C00102B15 /* Frameworks */,
				15DB02A529C5BF4C00102B15 /* Resources */,
			);
			buildRules = (
			);
			dependencies = (
			);
			name = crudCoreData;
			productName = crudCoreData;
			productReference = 15DB02A729C5BF4C00102B15 /* crudCoreData.app */;
			productType = "com.apple.product-type.application";
		};
/* End PBXNativeTarget section */

/* Begin PBXProject section */
		15DB029F29C5BF4C00102B15 /* Project object */ = {
			isa = PBXProject;
			attributes = {
				BuildIndependentTargetsInParallel = 1;
				LastSwiftUpdateCheck = 1410;
				LastUpgradeCheck = 1410;
				TargetAttributes = {
					15DB02A629C5BF4C00102B15 = {
						CreatedOnToolsVersion = 14.1;
					};
				};
			};
			buildConfigurationList = 15DB02A229C5BF4C00102B15 /* Build configuration list for PBXProject "crudCoreData" */;
			compatibilityVersion = "Xcode 14.0";
			developmentRegion = en;
			hasScannedForEncodings = 0;
			knownRegions = (
				en,
				Base,
			);
			mainGroup = 15DB029E29C5BF4C00102B15;
			productRefGroup = 15DB02A829C5BF4C00102B15 /* Products */;
			projectDirPath = "";
			projectRoot = "";
			targets = (
				15DB02A629C5BF4C00102B15 /* crudCoreData */,
			);
		};
/* End PBXProject section */

/* Begin PBXResourcesBuildPhase section */
		15DB02A529C5BF4C00102B15 /* Resources */ = {
			isa = PBXResourcesBuildPhase;
			buildActionMask = 2147483647;
			files = (
				15DB02BA29C5BF4D00102B15 /* LaunchScreen.storyboard in Resources */,
				15DB02B729C5BF4D00102B15 /* Assets.xcassets in Resources */,
				15DB02B229C5BF4C00102B15 /* Main.storyboard in Resources */,
			);
			runOnlyForDeploymentPostprocessing = 0;
		};
/* End PBXResourcesBuildPhase section */

/* Begin PBXSourcesBuildPhase section */
		15DB02A329C5BF4C00102B15 /* Sources */ = {
			isa = PBXSourcesBuildPhase;
			buildActionMask = 2147483647;
			files = (
				15DB02C229C5C87A00102B15 /* ColorTreansformer.swift in Sources */,
				15DB02AF29C5BF4C00102B15 /* ViewController.swift in Sources */,
				15DB02C429C5CA1800102B15 /* User.swift in Sources */,
				15DB02CA29C62F8700102B15 /* DataHelper.swift in Sources */,
				15DB02AB29C5BF4C00102B15 /* AppDelegate.swift in Sources */,
				15DB02B529C5BF4C00102B15 /* crudCoreData.xcdatamodeld in Sources */,
				15DB02AD29C5BF4C00102B15 /* SceneDelegate.swift in Sources */,
			);
			runOnlyForDeploymentPostprocessing = 0;
		};
/* End PBXSourcesBuildPhase section */

/* Begin PBXVariantGroup section */
		15DB02B029C5BF4C00102B15 /* Main.storyboard */ = {
			isa = PBXVariantGroup;
			children = (
				15DB02B129C5BF4C00102B15 /* Base */,
			);
			name = Main.storyboard;
			sourceTree = "<group>";
		};
		15DB02B829C5BF4D00102B15 /* LaunchScreen.storyboard */ = {
			isa = PBXVariantGroup;
			children = (
				15DB02B929C5BF4D00102B15 /* Base */,
			);
			name = LaunchScreen.storyboard;
			sourceTree = "<group>";
		};
/* End PBXVariantGroup section */

/* Begin XCBuildConfiguration section */
		15DB02BC29C5BF4D00102B15 /* Debug */ = {
			isa = XCBuildConfiguration;
			buildSettings = {
				ALWAYS_SEARCH_USER_PATHS = NO;
				CLANG_ANALYZER_NONNULL = YES;
				CLANG_ANALYZER_NUMBER_OBJECT_CONVERSION = YES_AGGRESSIVE;
				CLANG_CXX_LANGUAGE_STANDARD = "gnu++20";
				CLANG_ENABLE_MODULES = YES;
				CLANG_ENABLE_OBJC_ARC = YES;
				CLANG_ENABLE_OBJC_WEAK = YES;
				CLANG_WARN_BLOCK_CAPTURE_AUTORELEASING = YES;
				CLANG_WARN_BOOL_CONVERSION = YES;
				CLANG_WARN_COMMA = YES;
				CLANG_WARN_CONSTANT_CONVERSION = YES;
				CLANG_WARN_DEPRECATED_OBJC_IMPLEMENTATIONS = YES;
				CLANG_WARN_DIRECT_OBJC_ISA_USAGE = YES_ERROR;
				CLANG_WARN_DOCUMENTATION_COMMENTS = YES;
				CLANG_WARN_EMPTY_BODY = YES;
				CLANG_WARN_ENUM_CONVERSION = YES;
				CLANG_WARN_INFINITE_RECURSION = YES;
				CLANG_WARN_INT_CONVERSION = YES;
				CLANG_WARN_NON_LITERAL_NULL_CONVERSION = YES;
				CLANG_WARN_OBJC_IMPLICIT_RETAIN_SELF = YES;
				CLANG_WARN_OBJC_LITERAL_CONVERSION = YES;
				CLANG_WARN_OBJC_ROOT_CLASS = YES_ERROR;
				CLANG_WARN_QUOTED_INCLUDE_IN_FRAMEWORK_HEADER = YES;
				CLANG_WARN_RANGE_LOOP_ANALYSIS = YES;
				CLANG_WARN_STRICT_PROTOTYPES = YES;
				CLANG_WARN_SUSPICIOUS_MOVE = YES;
				CLANG_WARN_UNGUARDED_AVAILABILITY = YES_AGGRESSIVE;
				CLANG_WARN_UNREACHABLE_CODE = YES;
				CLANG_WARN__DUPLICATE_METHOD_MATCH = YES;
				COPY_PHASE_STRIP = NO;
				DEBUG_INFORMATION_FORMAT = dwarf;
				ENABLE_STRICT_OBJC_MSGSEND = YES;
				ENABLE_TESTABILITY = YES;
				GCC_C_LANGUAGE_STANDARD = gnu11;
				GCC_DYNAMIC_NO_PIC = NO;
				GCC_NO_COMMON_BLOCKS = YES;
				GCC_OPTIMIZATION_LEVEL = 0;
				GCC_PREPROCESSOR_DEFINITIONS = (
					"DEBUG=1",
					"$(inherited)",
				);
				GCC_WARN_64_TO_32_BIT_CONVERSION = YES;
				GCC_WARN_ABOUT_RETURN_TYPE = YES_ERROR;
				GCC_WARN_UNDECLARED_SELECTOR = YES;
				GCC_WARN_UNINITIALIZED_AUTOS = YES_AGGRESSIVE;
				GCC_WARN_UNUSED_FUNCTION = YES;
				GCC_WARN_UNUSED_VARIABLE = YES;
				IPHONEOS_DEPLOYMENT_TARGET = 16.1;
				MTL_ENABLE_DEBUG_INFO = INCLUDE_SOURCE;
				MTL_FAST_MATH = YES;
				ONLY_ACTIVE_ARCH = YES;
				SDKROOT = iphoneos;
				SWIFT_ACTIVE_COMPILATION_CONDITIONS = DEBUG;
				SWIFT_OPTIMIZATION_LEVEL = "-Onone";
			};
			name = Debug;
		};
		15DB02BD29C5BF4D00102B15 /* Release */ = {
			isa = XCBuildConfiguration;
			buildSettings = {
				ALWAYS_SEARCH_USER_PATHS = NO;
				CLANG_ANALYZER_NONNULL = YES;
				CLANG_ANALYZER_NUMBER_OBJECT_CONVERSION = YES_AGGRESSIVE;
				CLANG_CXX_LANGUAGE_STANDARD = "gnu++20";
				CLANG_ENABLE_MODULES = YES;
				CLANG_ENABLE_OBJC_ARC = YES;
				CLANG_ENABLE_OBJC_WEAK = YES;
				CLANG_WARN_BLOCK_CAPTURE_AUTORELEASING = YES;
				CLANG_WARN_BOOL_CONVERSION = YES;
				CLANG_WARN_COMMA = YES;
				CLANG_WARN_CONSTANT_CONVERSION = YES;
				CLANG_WARN_DEPRECATED_OBJC_IMPLEMENTATIONS = YES;
				CLANG_WARN_DIRECT_OBJC_ISA_USAGE = YES_ERROR;
				CLANG_WARN_DOCUMENTATION_COMMENTS = YES;
				CLANG_WARN_EMPTY_BODY = YES;
				CLANG_WARN_ENUM_CONVERSION = YES;
				CLANG_WARN_INFINITE_RECURSION = YES;
				CLANG_WARN_INT_CONVERSION = YES;
				CLANG_WARN_NON_LITERAL_NULL_CONVERSION = YES;
				CLANG_WARN_OBJC_IMPLICIT_RETAIN_SELF = YES;
				CLANG_WARN_OBJC_LITERAL_CONVERSION = YES;
				CLANG_WARN_OBJC_ROOT_CLASS = YES_ERROR;
				CLANG_WARN_QUOTED_INCLUDE_IN_FRAMEWORK_HEADER = YES;
				CLANG_WARN_RANGE_LOOP_ANALYSIS = YES;
				CLANG_WARN_STRICT_PROTOTYPES = YES;
				CLANG_WARN_SUSPICIOUS_MOVE = YES;
				CLANG_WARN_UNGUARDED_AVAILABILITY = YES_AGGRESSIVE;
				CLANG_WARN_UNREACHABLE_CODE = YES;
				CLANG_WARN__DUPLICATE_METHOD_MATCH = YES;
				COPY_PHASE_STRIP = NO;
				DEBUG_INFORMATION_FORMAT = "dwarf-with-dsym";
				ENABLE_NS_ASSERTIONS = NO;
				ENABLE_STRICT_OBJC_MSGSEND = YES;
				GCC_C_LANGUAGE_STANDARD = gnu11;
				GCC_NO_COMMON_BLOCKS = YES;
				GCC_WARN_64_TO_32_BIT_CONVERSION = YES;
				GCC_WARN_ABOUT_RETURN_TYPE = YES_ERROR;
				GCC_WARN_UNDECLARED_SELECTOR = YES;
				GCC_WARN_UNINITIALIZED_AUTOS = YES_AGGRESSIVE;
				GCC_WARN_UNUSED_FUNCTION = YES;
				GCC_WARN_UNUSED_VARIABLE = YES;
				IPHONEOS_DEPLOYMENT_TARGET = 16.1;
				MTL_ENABLE_DEBUG_INFO = NO;
				MTL_FAST_MATH = YES;
				SDKROOT = iphoneos;
				SWIFT_COMPILATION_MODE = wholemodule;
				SWIFT_OPTIMIZATION_LEVEL = "-O";
				VALIDATE_PRODUCT = YES;
			};
			name = Release;
		};
		15DB02BF29C5BF4D00102B15 /* Debug */ = {
			isa = XCBuildConfiguration;
			buildSettings = {
				ASSETCATALOG_COMPILER_APPICON_NAME = AppIcon;
				ASSETCATALOG_COMPILER_GLOBAL_ACCENT_COLOR_NAME = AccentColor;
				CODE_SIGN_STYLE = Automatic;
				CURRENT_PROJECT_VERSION = 1;
				DEVELOPMENT_TEAM = 37D4SXVKKL;
				GENERATE_INFOPLIST_FILE = YES;
				INFOPLIST_FILE = crudCoreData/Info.plist;
				INFOPLIST_KEY_UIApplicationSupportsIndirectInputEvents = YES;
				INFOPLIST_KEY_UILaunchStoryboardName = LaunchScreen;
				INFOPLIST_KEY_UIMainStoryboardFile = Main;
				INFOPLIST_KEY_UISupportedInterfaceOrientations_iPad = "UIInterfaceOrientationPortrait UIInterfaceOrientationPortraitUpsideDown UIInterfaceOrientationLandscapeLeft UIInterfaceOrientationLandscapeRight";
				INFOPLIST_KEY_UISupportedInterfaceOrientations_iPhone = "UIInterfaceOrientationPortrait UIInterfaceOrientationLandscapeLeft UIInterfaceOrientationLandscapeRight";
				IPHONEOS_DEPLOYMENT_TARGET = 15.0;
				LD_RUNPATH_SEARCH_PATHS = (
					"$(inherited)",
					"@executable_path/Frameworks",
				);
				MARKETING_VERSION = 1.0;
				PRODUCT_BUNDLE_IDENTIFIER = "PEPUL-TECH-PRIVATE-LIMITED.crudCoreData";
				PRODUCT_NAME = "$(TARGET_NAME)";
				SWIFT_EMIT_LOC_STRINGS = YES;
				SWIFT_VERSION = 5.0;
				TARGETED_DEVICE_FAMILY = "1,2";
			};
			name = Debug;
		};
		15DB02C029C5BF4D00102B15 /* Release */ = {
			isa = XCBuildConfiguration;
			buildSettings = {
				ASSETCATALOG_COMPILER_APPICON_NAME = AppIcon;
				ASSETCATALOG_COMPILER_GLOBAL_ACCENT_COLOR_NAME = AccentColor;
				CODE_SIGN_STYLE = Automatic;
				CURRENT_PROJECT_VERSION = 1;
				DEVELOPMENT_TEAM = 37D4SXVKKL;
				GENERATE_INFOPLIST_FILE = YES;
				INFOPLIST_FILE = crudCoreData/Info.plist;
				INFOPLIST_KEY_UIApplicationSupportsIndirectInputEvents = YES;
				INFOPLIST_KEY_UILaunchStoryboardName = LaunchScreen;
				INFOPLIST_KEY_UIMainStoryboardFile = Main;
				INFOPLIST_KEY_UISupportedInterfaceOrientations_iPad = "UIInterfaceOrientationPortrait UIInterfaceOrientationPortraitUpsideDown UIInterfaceOrientationLandscapeLeft UIInterfaceOrientationLandscapeRight";
				INFOPLIST_KEY_UISupportedInterfaceOrientations_iPhone = "UIInterfaceOrientationPortrait UIInterfaceOrientationLandscapeLeft UIInterfaceOrientationLandscapeRight";
				IPHONEOS_DEPLOYMENT_TARGET = 15.0;
				LD_RUNPATH_SEARCH_PATHS = (
					"$(inherited)",
					"@executable_path/Frameworks",
				);
				MARKETING_VERSION = 1.0;
				PRODUCT_BUNDLE_IDENTIFIER = "PEPUL-TECH-PRIVATE-LIMITED.crudCoreData";
				PRODUCT_NAME = "$(TARGET_NAME)";
				SWIFT_EMIT_LOC_STRINGS = YES;
				SWIFT_VERSION = 5.0;
				TARGETED_DEVICE_FAMILY = "1,2";
			};
			name = Release;
		};
/* End XCBuildConfiguration section */

/* Begin XCConfigurationList section */
		15DB02A229C5BF4C00102B15 /* Build configuration list for PBXProject "crudCoreData" */ = {
			isa = XCConfigurationList;
			buildConfigurations = (
				15DB02BC29C5BF4D00102B15 /* Debug */,
				15DB02BD29C5BF4D00102B15 /* Release */,
			);
			defaultConfigurationIsVisible = 0;
			defaultConfigurationName = Release;
		};
		15DB02BE29C5BF4D00102B15 /* Build configuration list for PBXNativeTarget "crudCoreData" */ = {
			isa = XCConfigurationList;
			buildConfigurations = (
				15DB02BF29C5BF4D00102B15 /* Debug */,
				15DB02C029C5BF4D00102B15 /* Release */,
			);
			defaultConfigurationIsVisible = 0;
			defaultConfigurationName = Release;
		};
/* End XCConfigurationList section */

/* Begin XCVersionGroup section */
		15DB02B329C5BF4C00102B15 /* crudCoreData.xcdatamodeld */ = {
			isa = XCVersionGroup;
			children = (
				15DB02B429C5BF4C00102B15 /* crudCoreData.xcdatamodel */,
			);
			currentVersion = 15DB02B429C5BF4C00102B15 /* crudCoreData.xcdatamodel */;
			path = crudCoreData.xcdatamodeld;
			sourceTree = "<group>";
			versionGroupType = wrapper.xcdatamodel;
		};
/* End XCVersionGroup section */
	};
	rootObject = 15DB029F29C5BF4C00102B15 /* Project object */;
}
